
Microsoft Visual Studio Solution File, Format Version 12.00
# Visual Studio Version 16
VisualStudioVersion = 16.0.30711.63
MinimumVisualStudioVersion = 10.0.40219.1
Project("{FAE04EC0-301F-11D3-BF4B-00C04F79EFBC}") = "Lab10", "Lab10\Lab10.csproj", "{B817E517-B078-41EB-ABE2-D82678E1584A}"
EndProject
Global
	GlobalSection(SolutionConfigurationPlatforms) = preSolution
		Debug|Any CPU = Debug|Any CPU
		Release|Any CPU = Release|Any CPU
	EndGlobalSection
	GlobalSection(ProjectConfigurationPlatforms) = postSolution
		{B817E517-B078-41EB-ABE2-D82678E1584A}.Debug|Any CPU.ActiveCfg = Debug|Any CPU
		{B817E517-B078-41EB-ABE2-D82678E1584A}.Debug|Any CPU.Build.0 = Debug|Any CPU
		{B817E517-B078-41EB-ABE2-D82678E1584A}.Release|Any CPU.ActiveCfg = Release|Any CPU
		{B817E517-B078-41EB-ABE2-D82678E1584A}.Release|Any CPU.Build.0 = Release|Any CPU
	EndGlobalSection
	GlobalSection(SolutionProperties) = preSolution
		HideSolutionNode = FALSE
	EndGlobalSection
	GlobalSection(ExtensibilityGlobals) = postSolution
		SolutionGuid = {DD41D0F1-3978-45CB-80B8-266F7619C06F}
	EndGlobalSection
EndGlobal
